{
  "nodes": {
    "deploy": {
      "inputs": {
        "fenix": [
          "fenix"
        ],
        "flake-compat": "flake-compat",
        "nixpkgs": [
          "fenix",
          "nixpkgs"
        ],
        "utils": "utils"
      },
      "locked": {
        "lastModified": 1661212356,
        "narHash": "sha256-+9P849WIb/zhAMWXrW9g0IRd7vFRj5a5acLTtOFyY48=",
        "owner": "input-output-hk",
        "repo": "deploy-rs",
        "rev": "4da8eb9fc3e611adf4bbe8c8df5b1fc604c4f906",
        "type": "github"
      },
      "original": {
        "owner": "input-output-hk",
        "repo": "deploy-rs",
        "type": "github"
      }
    },
    "fenix": {
      "inputs": {
        "nixpkgs": [
          "nixpkgs"
        ],
        "rust-analyzer-src": "rust-analyzer-src"
      },
      "locked": {
        "lastModified": 1699165208,
        "narHash": "sha256-BBunYfYRbbJBVgj7Wh0I4tqChVzMKbq62R0Y4xLBkGA=",
        "owner": "nix-community",
        "repo": "fenix",
        "rev": "58f83903f84b366eaaa08009a9b7dcf24e2e7d6b",
        "type": "github"
      },
      "original": {
        "owner": "nix-community",
        "repo": "fenix",
        "type": "github"
      }
    },
    "flake-compat": {
      "flake": false,
      "locked": {
        "lastModified": 1627913399,
        "narHash": "sha256-hY8g6H2KFL8ownSiFeMOjwPC8P0ueXpCVEbxgda3pko=",
        "owner": "edolstra",
        "repo": "flake-compat",
        "rev": "12c64ca55c1014cdc1b16ed5a804aa8576601ff2",
        "type": "github"
      },
      "original": {
        "owner": "edolstra",
        "repo": "flake-compat",
        "type": "github"
      }
    },
    "flake-utils": {
      "inputs": {
        "systems": "systems"
      },
      "locked": {
        "lastModified": 1694529238,
        "narHash": "sha256-zsNZZGTGnMOf9YpHKJqMSsa0dXbfmxeoJ7xHlrt+xmY=",
        "owner": "numtide",
        "repo": "flake-utils",
        "rev": "ff7b65b44d01cf9ba6a71320833626af21126384",
        "type": "github"
      },
      "original": {
        "owner": "numtide",
        "repo": "flake-utils",
        "type": "github"
      }
    },
    "flake-utils_2": {
      "inputs": {
        "systems": "systems_2"
      },
      "locked": {
        "lastModified": 1687709756,
        "narHash": "sha256-Y5wKlQSkgEK2weWdOu4J3riRd+kV/VCgHsqLNTTWQ/0=",
        "owner": "numtide",
        "repo": "flake-utils",
        "rev": "dbabf0ca0c0c4bce6ea5eaf65af5cb694d2082c7",
        "type": "github"
      },
      "original": {
        "owner": "numtide",
        "repo": "flake-utils",
        "type": "github"
      }
    },
    "home-manager": {
      "inputs": {
        "nixpkgs": [
          "nixpkgs"
        ]
      },
      "locked": {
        "lastModified": 1695108154,
        "narHash": "sha256-gSg7UTVtls2yO9lKtP0yb66XBHT1Fx5qZSZbGMpSn2c=",
        "owner": "nix-community",
        "repo": "home-manager",
        "rev": "07682fff75d41f18327a871088d20af2710d4744",
        "type": "github"
      },
      "original": {
        "owner": "nix-community",
        "ref": "release-23.05",
        "repo": "home-manager",
        "type": "github"
      }
    },
    "mailconfig": {
      "inputs": {
        "flake-utils": "flake-utils_2",
        "nixpkgs": [
          "nixpkgs"
        ]
      },
      "locked": {
        "lastModified": 1699180531,
        "narHash": "sha256-JE5OUqk+Df8Of8e/aaAZbxQe3umE1KPFD/qpQonSC/o=",
        "owner": "kinnison",
        "repo": "infrafish-mailconfig",
        "rev": "ca62e588082048698dbcba01cc0eae6c3a597a84",
        "type": "github"
      },
      "original": {
        "owner": "kinnison",
        "repo": "infrafish-mailconfig",
        "type": "github"
      }
    },
    "nixos-hardware": {
      "locked": {
        "lastModified": 1699159446,
        "narHash": "sha256-cL63IjsbPl2otS7R4kdXbVOJOXYMpGw5KGZoWgdCuCM=",
        "owner": "NixOS",
        "repo": "nixos-hardware",
        "rev": "627bc9b88256379578885a7028c9e791c29fb581",
        "type": "github"
      },
      "original": {
        "owner": "NixOS",
        "repo": "nixos-hardware",
        "type": "github"
      }
    },
    "nixpkgs": {
      "locked": {
        "lastModified": 1699110214,
        "narHash": "sha256-L2TU4RgtiqF69W8Gacg2jEkEYJrW+Kp0Mp4plwQh5b8=",
        "owner": "NixOS",
        "repo": "nixpkgs",
        "rev": "78f3a4ae19f0e99d5323dd2e3853916b8ee4afee",
        "type": "github"
      },
      "original": {
        "owner": "NixOS",
        "ref": "nixos-23.05",
        "repo": "nixpkgs",
        "type": "github"
      }
    },
    "nixpkgs-stable": {
      "locked": {
        "lastModified": 1699110214,
        "narHash": "sha256-L2TU4RgtiqF69W8Gacg2jEkEYJrW+Kp0Mp4plwQh5b8=",
        "owner": "NixOS",
        "repo": "nixpkgs",
        "rev": "78f3a4ae19f0e99d5323dd2e3853916b8ee4afee",
        "type": "github"
      },
      "original": {
        "owner": "NixOS",
        "ref": "release-23.05",
        "repo": "nixpkgs",
        "type": "github"
      }
    },
    "root": {
      "inputs": {
        "deploy": "deploy",
        "fenix": "fenix",
        "flake-utils": "flake-utils",
        "home-manager": "home-manager",
        "mailconfig": "mailconfig",
        "nixos-hardware": "nixos-hardware",
        "nixpkgs": "nixpkgs",
        "sops-nix": "sops-nix"
      }
    },
    "rust-analyzer-src": {
      "flake": false,
      "locked": {
        "lastModified": 1699098296,
        "narHash": "sha256-gz+rum556+G/RxdmoPCg4iGjgSrzVhML6MrqFGsgD9A=",
        "owner": "rust-lang",
        "repo": "rust-analyzer",
        "rev": "69432287cbaa0cd69dd7219aa0c6c74e44dbe7e7",
        "type": "github"
      },
      "original": {
        "owner": "rust-lang",
        "ref": "nightly",
        "repo": "rust-analyzer",
        "type": "github"
      }
    },
    "sops-nix": {
      "inputs": {
        "nixpkgs": [
          "nixpkgs"
        ],
        "nixpkgs-stable": "nixpkgs-stable"
      },
      "locked": {
        "lastModified": 1699153251,
        "narHash": "sha256-CGx98mbAy9svKTa1dzlrVmkJwgGSXpAQUdMh7U0szts=",
        "owner": "Mic92",
        "repo": "sops-nix",
        "rev": "5bc2cde6e53241e7df0e8f5df5872223983efa72",
        "type": "github"
      },
      "original": {
        "owner": "Mic92",
        "repo": "sops-nix",
        "type": "github"
      }
    },
    "systems": {
      "locked": {
        "lastModified": 1681028828,
        "narHash": "sha256-Vy1rq5AaRuLzOxct8nz4T6wlgyUR7zLU309k9mBC768=",
        "owner": "nix-systems",
        "repo": "default",
        "rev": "da67096a3b9bf56a91d16901293e51ba5b49a27e",
        "type": "github"
      },
      "original": {
        "owner": "nix-systems",
        "repo": "default",
        "type": "github"
      }
    },
    "systems_2": {
      "locked": {
        "lastModified": 1681028828,
        "narHash": "sha256-Vy1rq5AaRuLzOxct8nz4T6wlgyUR7zLU309k9mBC768=",
        "owner": "nix-systems",
        "repo": "default",
        "rev": "da67096a3b9bf56a91d16901293e51ba5b49a27e",
        "type": "github"
      },
      "original": {
        "owner": "nix-systems",
        "repo": "default",
        "type": "github"
      }
    },
    "utils": {
      "locked": {
        "lastModified": 1637014545,
        "narHash": "sha256-26IZAc5yzlD9FlDT54io1oqG/bBoyka+FJk5guaX4x4=",
        "owner": "numtide",
        "repo": "flake-utils",
        "rev": "bba5dcc8e0b20ab664967ad83d24d64cb64ec4f4",
        "type": "github"
      },
      "original": {
        "owner": "numtide",
        "repo": "flake-utils",
        "type": "github"
      }
    }
  },
  "root": "root",
  "version": 7
}
